// !$*UTF8*$!
{
	archiveVersion = 1;
	classes = {
	};
	objectVersion = 77;
	objects = {

/* Begin PBXBuildFile section */
		F26E772D2EAE781F00644780 /* TestState.swift in Sources */ = {isa = PBXBuildFile; fileRef = F26E772C2EAE781900644780 /* TestState.swift */; };
		F26E77372EAE7A0D00644780 /*  OKNCalculator.swift in Sources */ = {isa = PBXBuildFile; fileRef = F26E772E2EAE783A00644780 /*  OKNCalculator.swift */; };
		F26E77382EAE7A1200644780 /* GreenOverlay.swift in Sources */ = {isa = PBXBuildFile; fileRef = F26E77322EAE789400644780 /* GreenOverlay.swift */; };
		F26E77392EAE7A1800644780 /* CameraView.swift in Sources */ = {isa = PBXBuildFile; fileRef = F26E77312EAE787F00644780 /* CameraView.swift */; };
		F26E773A2EAE7A1E00644780 /* StripesView.swift in Sources */ = {isa = PBXBuildFile; fileRef = F26E77302EAE786B00644780 /* StripesView.swift */; };
		F26E773B2EAE7A2200644780 /* ResultsView.swift in Sources */ = {isa = PBXBuildFile; fileRef = F26E77362EAE78E100644780 /* ResultsView.swift */; };
		F26E773C2EAE7A2700644780 /* OKNTestView.swift in Sources */ = {isa = PBXBuildFile; fileRef = F26E77352EAE78CF00644780 /* OKNTestView.swift */; };
		F26E773D2EAE7A2D00644780 /* PositioningView.swift in Sources */ = {isa = PBXBuildFile; fileRef = F26E77342EAE78BB00644780 /* PositioningView.swift */; };
		F26E773E2EAE7A3200644780 /* IdleView.swift in Sources */ = {isa = PBXBuildFile; fileRef = F26E77332EAE78AB00644780 /* IdleView.swift */; };
		F26E773F2EAE7A3700644780 /* TestViewModel.swift in Sources */ = {isa = PBXBuildFile; fileRef = F26E772F2EAE785700644780 /* TestViewModel.swift */; };
		F26E77422EAE8A8F00644780 /* FaceTracker.swift in Sources */ = {isa = PBXBuildFile; fileRef = F26E77412EAE89E900644780 /* FaceTracker.swift */; };
/* End PBXBuildFile section */

/* Begin PBXFileReference section */
		F26E77182EAE73E500644780 /* OKNSafeRide.app */ = {isa = PBXFileReference; explicitFileType = wrapper.application; includeInIndex = 0; path = OKNSafeRide.app; sourceTree = BUILT_PRODUCTS_DIR; };
		F26E772C2EAE781900644780 /* TestState.swift */ = {isa = PBXFileReference; lastKnownFileType = sourcecode.swift; path = TestState.swift; sourceTree = "<group>"; };
		F26E772E2EAE783A00644780 /*  OKNCalculator.swift */ = {isa = PBXFileReference; lastKnownFileType = sourcecode.swift; path = " OKNCalculator.swift"; sourceTree = "<group>"; };
		F26E772F2EAE785700644780 /* TestViewModel.swift */ = {isa = PBXFileReference; lastKnownFileType = sourcecode.swift; path = TestViewModel.swift; sourceTree = "<group>"; };
		F26E77302EAE786B00644780 /* StripesView.swift */ = {isa = PBXFileReference; lastKnownFileType = sourcecode.swift; path = StripesView.swift; sourceTree = "<group>"; };
		F26E77312EAE787F00644780 /* CameraView.swift */ = {isa = PBXFileReference; lastKnownFileType = sourcecode.swift; path = CameraView.swift; sourceTree = "<group>"; };
		F26E77322EAE789400644780 /* GreenOverlay.swift */ = {isa = PBXFileReference; lastKnownFileType = sourcecode.swift; path = GreenOverlay.swift; sourceTree = "<group>"; };
		F26E77332EAE78AB00644780 /* IdleView.swift */ = {isa = PBXFileReference; lastKnownFileType = sourcecode.swift; path = IdleView.swift; sourceTree = "<group>"; };
		F26E77342EAE78BB00644780 /* PositioningView.swift */ = {isa = PBXFileReference; lastKnownFileType = sourcecode.swift; path = PositioningView.swift; sourceTree = "<group>"; };
		F26E77352EAE78CF00644780 /* OKNTestView.swift */ = {isa = PBXFileReference; lastKnownFileType = sourcecode.swift; path = OKNTestView.swift; sourceTree = "<group>"; };
		F26E77362EAE78E100644780 /* ResultsView.swift */ = {isa = PBXFileReference; lastKnownFileType = sourcecode.swift; path = ResultsView.swift; sourceTree = "<group>"; };
		F26E77412EAE89E900644780 /* FaceTracker.swift */ = {isa = PBXFileReference; lastKnownFileType = sourcecode.swift; path = FaceTracker.swift; sourceTree = "<group>"; };
/* End PBXFileReference section */

/* Begin PBXFileSystemSynchronizedRootGroup section */
		F26E771A2EAE73E500644780 /* OKNSafeRide */ = {
			isa = PBXFileSystemSynchronizedRootGroup;
			path = OKNSafeRide;
			sourceTree = "<group>";
		};
/* End PBXFileSystemSynchronizedRootGroup section */

/* Begin PBXFrameworksBuildPhase section */
		F26E77152EAE73E500644780 /* Frameworks */ = {
			isa = PBXFrameworksBuildPhase;
			buildActionMask = 2147483647;
			files = (
			);
			runOnlyForDeploymentPostprocessing = 0;
		};
/* End PBXFrameworksBuildPhase section */

/* Begin PBXGroup section */
		F26E770F2EAE73E500644780 = {
			isa = PBXGroup;
			children = (
				F26E771A2EAE73E500644780 /* OKNSafeRide */,
				F26E77402EAE89DB00644780 /* Managers */,
				F26E772B2EAE77BC00644780 /* Utilities */,
				F26E772A2EAE77AB00644780 /* Components */,
				F26E77292EAE77A700644780 /* Views */,
				F26E77282EAE779E00644780 /* ViewModels */,
				F26E77262EAE773B00644780 /* Models */,
				F26E77192EAE73E500644780 /* Products */,
			);
			sourceTree = "<group>";
		};
		F26E77192EAE73E500644780 /* Products */ = {
			isa = PBXGroup;
			children = (
				F26E77182EAE73E500644780 /* OKNSafeRide.app */,
			);
			name = Products;
			sourceTree = "<group>";
		};
		F26E77262EAE773B00644780 /* Models */ = {
			isa = PBXGroup;
			children = (
				F26E772C2EAE781900644780 /* TestState.swift */,
			);
			path = Models;
			sourceTree = "<group>";
		};
		F26E77282EAE779E00644780 /* ViewModels */ = {
			isa = PBXGroup;
			children = (
				F26E772F2EAE785700644780 /* TestViewModel.swift */,
			);
			path = ViewModels;
			sourceTree = "<group>";
		};
		F26E77292EAE77A700644780 /* Views */ = {
			isa = PBXGroup;
			children = (
				F26E77362EAE78E100644780 /* ResultsView.swift */,
				F26E77352EAE78CF00644780 /* OKNTestView.swift */,
				F26E77342EAE78BB00644780 /* PositioningView.swift */,
				F26E77332EAE78AB00644780 /* IdleView.swift */,
			);
			path = Views;
			sourceTree = "<group>";
		};
		F26E772A2EAE77AB00644780 /* Components */ = {
			isa = PBXGroup;
			children = (
				F26E77322EAE789400644780 /* GreenOverlay.swift */,
				F26E77312EAE787F00644780 /* CameraView.swift */,
				F26E77302EAE786B00644780 /* StripesView.swift */,
			);
			path = Components;
			sourceTree = "<group>";
		};
		F26E772B2EAE77BC00644780 /* Utilities */ = {
			isa = PBXGroup;
			children = (
				F26E772E2EAE783A00644780 /*  OKNCalculator.swift */,
			);
			path = Utilities;
			sourceTree = "<group>";
		};
		F26E77402EAE89DB00644780 /* Managers */ = {
			isa = PBXGroup;
			children = (
				F26E77412EAE89E900644780 /* FaceTracker.swift */,
			);
			path = Managers;
			sourceTree = "<group>";
		};
/* End PBXGroup section */

/* Begin PBXNativeTarget section */
		F26E77172EAE73E500644780 /* OKNSafeRide */ = {
			isa = PBXNativeTarget;
			buildConfigurationList = F26E77232EAE73E600644780 /* Build configuration list for PBXNativeTarget "OKNSafeRide" */;
			buildPhases = (
				F26E77142EAE73E500644780 /* Sources */,
				F26E77152EAE73E500644780 /* Frameworks */,
				F26E77162EAE73E500644780 /* Resources */,
			);
			buildRules = (
			);
			dependencies = (
			);
			fileSystemSynchronizedGroups = (
				F26E771A2EAE73E500644780 /* OKNSafeRide */,
			);
			name = OKNSafeRide;
			packageProductDependencies = (
			);
			productName = OKNSafeRide;
			productReference = F26E77182EAE73E500644780 /* OKNSafeRide.app */;
			productType = "com.apple.product-type.application";
		};
/* End PBXNativeTarget section */

/* Begin PBXProject section */
		F26E77102EAE73E500644780 /* Project object */ = {
			isa = PBXProject;
			attributes = {
				BuildIndependentTargetsInParallel = 1;
				LastSwiftUpdateCheck = 2600;
				LastUpgradeCheck = 2600;
				TargetAttributes = {
					F26E77172EAE73E500644780 = {
						CreatedOnToolsVersion = 26.0.1;
					};
				};
			};
			buildConfigurationList = F26E77132EAE73E500644780 /* Build configuration list for PBXProject "OKNSafeRide" */;
			developmentRegion = en;
			hasScannedForEncodings = 0;
			knownRegions = (
				en,
				Base,
			);
			mainGroup = F26E770F2EAE73E500644780;
			minimizedProjectReferenceProxies = 1;
			preferredProjectObjectVersion = 77;
			productRefGroup = F26E77192EAE73E500644780 /* Products */;
			projectDirPath = "";
			projectRoot = "";
			targets = (
				F26E77172EAE73E500644780 /* OKNSafeRide */,
			);
		};
/* End PBXProject section */

/* Begin PBXResourcesBuildPhase section */
		F26E77162EAE73E500644780 /* Resources */ = {
			isa = PBXResourcesBuildPhase;
			buildActionMask = 2147483647;
			files = (
			);
			runOnlyForDeploymentPostprocessing = 0;
		};
/* End PBXResourcesBuildPhase section */

/* Begin PBXSourcesBuildPhase section */
		F26E77142EAE73E500644780 /* Sources */ = {
			isa = PBXSourcesBuildPhase;
			buildActionMask = 2147483647;
			files = (
				F26E773B2EAE7A2200644780 /* ResultsView.swift in Sources */,
				F26E773C2EAE7A2700644780 /* OKNTestView.swift in Sources */,
				F26E77372EAE7A0D00644780 /*  OKNCalculator.swift in Sources */,
				F26E773A2EAE7A1E00644780 /* StripesView.swift in Sources */,
				F26E772D2EAE781F00644780 /* TestState.swift in Sources */,
				F26E773F2EAE7A3700644780 /* TestViewModel.swift in Sources */,
				F26E773D2EAE7A2D00644780 /* PositioningView.swift in Sources */,
				F26E773E2EAE7A3200644780 /* IdleView.swift in Sources */,
				F26E77422EAE8A8F00644780 /* FaceTracker.swift in Sources */,
				F26E77392EAE7A1800644780 /* CameraView.swift in Sources */,
				F26E77382EAE7A1200644780 /* GreenOverlay.swift in Sources */,
			);
			runOnlyForDeploymentPostprocessing = 0;
		};
/* End PBXSourcesBuildPhase section */

/* Begin XCBuildConfiguration section */
		F26E77212EAE73E600644780 /* Debug */ = {
			isa = XCBuildConfiguration;
			buildSettings = {
				ALWAYS_SEARCH_USER_PATHS = NO;
				ASSETCATALOG_COMPILER_GENERATE_SWIFT_ASSET_SYMBOL_EXTENSIONS = YES;
				CLANG_ANALYZER_NONNULL = YES;
				CLANG_ANALYZER_NUMBER_OBJECT_CONVERSION = YES_AGGRESSIVE;
				CLANG_CXX_LANGUAGE_STANDARD = "gnu++20";
				CLANG_ENABLE_MODULES = YES;
				CLANG_ENABLE_OBJC_ARC = YES;
				CLANG_ENABLE_OBJC_WEAK = YES;
				CLANG_WARN_BLOCK_CAPTURE_AUTORELEASING = YES;
				CLANG_WARN_BOOL_CONVERSION = YES;
				CLANG_WARN_COMMA = YES;
				CLANG_WARN_CONSTANT_CONVERSION = YES;
				CLANG_WARN_DEPRECATED_OBJC_IMPLEMENTATIONS = YES;
				CLANG_WARN_DIRECT_OBJC_ISA_USAGE = YES_ERROR;
				CLANG_WARN_DOCUMENTATION_COMMENTS = YES;
				CLANG_WARN_EMPTY_BODY = YES;
				CLANG_WARN_ENUM_CONVERSION = YES;
				CLANG_WARN_INFINITE_RECURSION = YES;
				CLANG_WARN_INT_CONVERSION = YES;
				CLANG_WARN_NON_LITERAL_NULL_CONVERSION = YES;
				CLANG_WARN_OBJC_IMPLICIT_RETAIN_SELF = YES;
				CLANG_WARN_OBJC_LITERAL_CONVERSION = YES;
				CLANG_WARN_OBJC_ROOT_CLASS = YES_ERROR;
				CLANG_WARN_QUOTED_INCLUDE_IN_FRAMEWORK_HEADER = YES;
				CLANG_WARN_RANGE_LOOP_ANALYSIS = YES;
				CLANG_WARN_STRICT_PROTOTYPES = YES;
				CLANG_WARN_SUSPICIOUS_MOVE = YES;
				CLANG_WARN_UNGUARDED_AVAILABILITY = YES_AGGRESSIVE;
				CLANG_WARN_UNREACHABLE_CODE = YES;
				CLANG_WARN__DUPLICATE_METHOD_MATCH = YES;
				COPY_PHASE_STRIP = NO;
				DEBUG_INFORMATION_FORMAT = dwarf;
				DEVELOPMENT_TEAM = 6JVL9XXT7F;
				ENABLE_STRICT_OBJC_MSGSEND = YES;
				ENABLE_TESTABILITY = YES;
				ENABLE_USER_SCRIPT_SANDBOXING = YES;
				GCC_C_LANGUAGE_STANDARD = gnu17;
				GCC_DYNAMIC_NO_PIC = NO;
				GCC_NO_COMMON_BLOCKS = YES;
				GCC_OPTIMIZATION_LEVEL = 0;
				GCC_PREPROCESSOR_DEFINITIONS = (
					"DEBUG=1",
					"$(inherited)",
				);
				GCC_WARN_64_TO_32_BIT_CONVERSION = YES;
				GCC_WARN_ABOUT_RETURN_TYPE = YES_ERROR;
				GCC_WARN_UNDECLARED_SELECTOR = YES;
				GCC_WARN_UNINITIALIZED_AUTOS = YES_AGGRESSIVE;
				GCC_WARN_UNUSED_FUNCTION = YES;
				GCC_WARN_UNUSED_VARIABLE = YES;
				IPHONEOS_DEPLOYMENT_TARGET = 26.0;
				LOCALIZATION_PREFERS_STRING_CATALOGS = YES;
				MTL_ENABLE_DEBUG_INFO = INCLUDE_SOURCE;
				MTL_FAST_MATH = YES;
				ONLY_ACTIVE_ARCH = YES;
				SDKROOT = iphoneos;
				SWIFT_ACTIVE_COMPILATION_CONDITIONS = "DEBUG $(inherited)";
				SWIFT_OPTIMIZATION_LEVEL = "-Onone";
			};
			name = Debug;
		};
		F26E77222EAE73E600644780 /* Release */ = {
			isa = XCBuildConfiguration;
			buildSettings = {
				ALWAYS_SEARCH_USER_PATHS = NO;
				ASSETCATALOG_COMPILER_GENERATE_SWIFT_ASSET_SYMBOL_EXTENSIONS = YES;
				CLANG_ANALYZER_NONNULL = YES;
				CLANG_ANALYZER_NUMBER_OBJECT_CONVERSION = YES_AGGRESSIVE;
				CLANG_CXX_LANGUAGE_STANDARD = "gnu++20";
				CLANG_ENABLE_MODULES = YES;
				CLANG_ENABLE_OBJC_ARC = YES;
				CLANG_ENABLE_OBJC_WEAK = YES;
				CLANG_WARN_BLOCK_CAPTURE_AUTORELEASING = YES;
				CLANG_WARN_BOOL_CONVERSION = YES;
				CLANG_WARN_COMMA = YES;
				CLANG_WARN_CONSTANT_CONVERSION = YES;
				CLANG_WARN_DEPRECATED_OBJC_IMPLEMENTATIONS = YES;
				CLANG_WARN_DIRECT_OBJC_ISA_USAGE = YES_ERROR;
				CLANG_WARN_DOCUMENTATION_COMMENTS = YES;
				CLANG_WARN_EMPTY_BODY = YES;
				CLANG_WARN_ENUM_CONVERSION = YES;
				CLANG_WARN_INFINITE_RECURSION = YES;
				CLANG_WARN_INT_CONVERSION = YES;
				CLANG_WARN_NON_LITERAL_NULL_CONVERSION = YES;
				CLANG_WARN_OBJC_IMPLICIT_RETAIN_SELF = YES;
				CLANG_WARN_OBJC_LITERAL_CONVERSION = YES;
				CLANG_WARN_OBJC_ROOT_CLASS = YES_ERROR;
				CLANG_WARN_QUOTED_INCLUDE_IN_FRAMEWORK_HEADER = YES;
				CLANG_WARN_RANGE_LOOP_ANALYSIS = YES;
				CLANG_WARN_STRICT_PROTOTYPES = YES;
				CLANG_WARN_SUSPICIOUS_MOVE = YES;
				CLANG_WARN_UNGUARDED_AVAILABILITY = YES_AGGRESSIVE;
				CLANG_WARN_UNREACHABLE_CODE = YES;
				CLANG_WARN__DUPLICATE_METHOD_MATCH = YES;
				COPY_PHASE_STRIP = NO;
				DEBUG_INFORMATION_FORMAT = "dwarf-with-dsym";
				DEVELOPMENT_TEAM = 6JVL9XXT7F;
				ENABLE_NS_ASSERTIONS = NO;
				ENABLE_STRICT_OBJC_MSGSEND = YES;
				ENABLE_USER_SCRIPT_SANDBOXING = YES;
				GCC_C_LANGUAGE_STANDARD = gnu17;
				GCC_NO_COMMON_BLOCKS = YES;
				GCC_WARN_64_TO_32_BIT_CONVERSION = YES;
				GCC_WARN_ABOUT_RETURN_TYPE = YES_ERROR;
				GCC_WARN_UNDECLARED_SELECTOR = YES;
				GCC_WARN_UNINITIALIZED_AUTOS = YES_AGGRESSIVE;
				GCC_WARN_UNUSED_FUNCTION = YES;
				GCC_WARN_UNUSED_VARIABLE = YES;
				IPHONEOS_DEPLOYMENT_TARGET = 26.0;
				LOCALIZATION_PREFERS_STRING_CATALOGS = YES;
				MTL_ENABLE_DEBUG_INFO = NO;
				MTL_FAST_MATH = YES;
				SDKROOT = iphoneos;
				SWIFT_COMPILATION_MODE = wholemodule;
				VALIDATE_PRODUCT = YES;
			};
			name = Release;
		};
		F26E77242EAE73E600644780 /* Debug */ = {
			isa = XCBuildConfiguration;
			buildSettings = {
				ASSETCATALOG_COMPILER_APPICON_NAME = AppIcon;
				ASSETCATALOG_COMPILER_GLOBAL_ACCENT_COLOR_NAME = AccentColor;
				CODE_SIGN_STYLE = Automatic;
				CURRENT_PROJECT_VERSION = 1;
				DEVELOPMENT_TEAM = 6JVL9XXT7F;
				ENABLE_PREVIEWS = YES;
				GENERATE_INFOPLIST_FILE = YES;
				INFOPLIST_KEY_NSCameraUsageDescription = "Camera access is required for eye tracking and impairment detection";
				INFOPLIST_KEY_UIApplicationSceneManifest_Generation = YES;
				INFOPLIST_KEY_UIApplicationSupportsIndirectInputEvents = YES;
				INFOPLIST_KEY_UILaunchScreen_Generation = YES;
				INFOPLIST_KEY_UISupportedInterfaceOrientations_iPad = "UIInterfaceOrientationPortrait UIInterfaceOrientationPortraitUpsideDown UIInterfaceOrientationLandscapeLeft UIInterfaceOrientationLandscapeRight";
				INFOPLIST_KEY_UISupportedInterfaceOrientations_iPhone = "UIInterfaceOrientationPortrait UIInterfaceOrientationLandscapeLeft UIInterfaceOrientationLandscapeRight";
				LD_RUNPATH_SEARCH_PATHS = (
					"$(inherited)",
					"@executable_path/Frameworks",
				);
				MARKETING_VERSION = 1.0;
				PRODUCT_BUNDLE_IDENTIFIER = com.hazyeyes.oknsaferide.OKNSafeRide;
				PRODUCT_NAME = "$(TARGET_NAME)";
				STRING_CATALOG_GENERATE_SYMBOLS = YES;
				SWIFT_APPROACHABLE_CONCURRENCY = YES;
				SWIFT_DEFAULT_ACTOR_ISOLATION = MainActor;
				SWIFT_EMIT_LOC_STRINGS = YES;
				SWIFT_UPCOMING_FEATURE_MEMBER_IMPORT_VISIBILITY = YES;
				SWIFT_VERSION = 5.0;
				TARGETED_DEVICE_FAMILY = "1,2";
			};
			name = Debug;
		};
		F26E77252EAE73E600644780 /* Release */ = {
			isa = XCBuildConfiguration;
			buildSettings = {
				ASSETCATALOG_COMPILER_APPICON_NAME = AppIcon;
				ASSETCATALOG_COMPILER_GLOBAL_ACCENT_COLOR_NAME = AccentColor;
				CODE_SIGN_STYLE = Automatic;
				CURRENT_PROJECT_VERSION = 1;
				DEVELOPMENT_TEAM = 6JVL9XXT7F;
				ENABLE_PREVIEWS = YES;
				GENERATE_INFOPLIST_FILE = YES;
				INFOPLIST_KEY_NSCameraUsageDescription = "Camera access is required for eye tracking and impairment detection";
				INFOPLIST_KEY_UIApplicationSceneManifest_Generation = YES;
				INFOPLIST_KEY_UIApplicationSupportsIndirectInputEvents = YES;
				INFOPLIST_KEY_UILaunchScreen_Generation = YES;
				INFOPLIST_KEY_UISupportedInterfaceOrientations_iPad = "UIInterfaceOrientationPortrait UIInterfaceOrientationPortraitUpsideDown UIInterfaceOrientationLandscapeLeft UIInterfaceOrientationLandscapeRight";
				INFOPLIST_KEY_UISupportedInterfaceOrientations_iPhone = "UIInterfaceOrientationPortrait UIInterfaceOrientationLandscapeLeft UIInterfaceOrientationLandscapeRight";
				LD_RUNPATH_SEARCH_PATHS = (
					"$(inherited)",
					"@executable_path/Frameworks",
				);
				MARKETING_VERSION = 1.0;
				PRODUCT_BUNDLE_IDENTIFIER = com.hazyeyes.oknsaferide.OKNSafeRide;
				PRODUCT_NAME = "$(TARGET_NAME)";
				STRING_CATALOG_GENERATE_SYMBOLS = YES;
				SWIFT_APPROACHABLE_CONCURRENCY = YES;
				SWIFT_DEFAULT_ACTOR_ISOLATION = MainActor;
				SWIFT_EMIT_LOC_STRINGS = YES;
				SWIFT_UPCOMING_FEATURE_MEMBER_IMPORT_VISIBILITY = YES;
				SWIFT_VERSION = 5.0;
				TARGETED_DEVICE_FAMILY = "1,2";
			};
			name = Release;
		};
/* End XCBuildConfiguration section */

/* Begin XCConfigurationList section */
		F26E77132EAE73E500644780 /* Build configuration list for PBXProject "OKNSafeRide" */ = {
			isa = XCConfigurationList;
			buildConfigurations = (
				F26E77212EAE73E600644780 /* Debug */,
				F26E77222EAE73E600644780 /* Release */,
			);
			defaultConfigurationIsVisible = 0;
			defaultConfigurationName = Release;
		};
		F26E77232EAE73E600644780 /* Build configuration list for PBXNativeTarget "OKNSafeRide" */ = {
			isa = XCConfigurationList;
			buildConfigurations = (
				F26E77242EAE73E600644780 /* Debug */,
				F26E77252EAE73E600644780 /* Release */,
			);
			defaultConfigurationIsVisible = 0;
			defaultConfigurationName = Release;
		};
/* End XCConfigurationList section */
	};
	rootObject = F26E77102EAE73E500644780 /* Project object */;
}
